
Microsoft Visual Studio Solution File, Format Version 12.00
# Visual Studio 15
VisualStudioVersion = 15.0.28307.539
MinimumVisualStudioVersion = 10.0.40219.1
Project("{FAE04EC0-301F-11D3-BF4B-00C04F79EFBC}") = "ClientUnet", "ClientUnet\ClientUnet.csproj", "{A6C3E277-F6D6-43A3-9B32-22FF2B7DF5FC}"
EndProject
Global
	GlobalSection(SolutionConfigurationPlatforms) = preSolution
		Debug|Any CPU = Debug|Any CPU
		Release|Any CPU = Release|Any CPU
	EndGlobalSection
	GlobalSection(ProjectConfigurationPlatforms) = postSolution
		{A6C3E277-F6D6-43A3-9B32-22FF2B7DF5FC}.Debug|Any CPU.ActiveCfg = Debug|Any CPU
		{A6C3E277-F6D6-43A3-9B32-22FF2B7DF5FC}.Debug|Any CPU.Build.0 = Debug|Any CPU
		{A6C3E277-F6D6-43A3-9B32-22FF2B7DF5FC}.Release|Any CPU.ActiveCfg = Release|Any CPU
		{A6C3E277-F6D6-43A3-9B32-22FF2B7DF5FC}.Release|Any CPU.Build.0 = Release|Any CPU
	EndGlobalSection
	GlobalSection(SolutionProperties) = preSolution
		HideSolutionNode = FALSE
	EndGlobalSection
	GlobalSection(ExtensibilityGlobals) = postSolution
		SolutionGuid = {C2057956-FC7F-4DAA-B776-02C8A6EA9242}
	EndGlobalSection
EndGlobal
